
Microsoft Visual Studio Solution File, Format Version 12.00
# Visual Studio Version 16
VisualStudioVersion = 16.0.30717.126
MinimumVisualStudioVersion = 10.0.40219.1
Project("{FAE04EC0-301F-11D3-BF4B-00C04F79EFBC}") = "SecurityWebApi", "SecurityWebApi\SecurityWebApi.csproj", "{B9132F32-EC15-4F5F-A447-755206645F2A}"
EndProject
Global
	GlobalSection(SolutionConfigurationPlatforms) = preSolution
		Debug|Any CPU = Debug|Any CPU
		Release|Any CPU = Release|Any CPU
	EndGlobalSection
	GlobalSection(ProjectConfigurationPlatforms) = postSolution
		{B9132F32-EC15-4F5F-A447-755206645F2A}.Debug|Any CPU.ActiveCfg = Debug|Any CPU
		{B9132F32-EC15-4F5F-A447-755206645F2A}.Debug|Any CPU.Build.0 = Debug|Any CPU
		{B9132F32-EC15-4F5F-A447-755206645F2A}.Release|Any CPU.ActiveCfg = Release|Any CPU
		{B9132F32-EC15-4F5F-A447-755206645F2A}.Release|Any CPU.Build.0 = Release|Any CPU
	EndGlobalSection
	GlobalSection(SolutionProperties) = preSolution
		HideSolutionNode = FALSE
	EndGlobalSection
	GlobalSection(ExtensibilityGlobals) = postSolution
		SolutionGuid = {F3AD770C-34BF-4FD4-BC87-E86FDEEFB531}
	EndGlobalSection
EndGlobal
